
Microsoft Visual Studio Solution File, Format Version 12.00
# Visual Studio 15
VisualStudioVersion = 15.0.28307.645
MinimumVisualStudioVersion = 10.0.40219.1
Project("{FAE04EC0-301F-11D3-BF4B-00C04F79EFBC}") = "Makedox2019.Android", "Makedox2019\Makedox2019.Android\Makedox2019.Android.csproj", "{4189895E-D3F7-443B-A8FC-10751FB46485}"
EndProject
Project("{FAE04EC0-301F-11D3-BF4B-00C04F79EFBC}") = "Makedox2019.iOS", "Makedox2019\Makedox2019.iOS\Makedox2019.iOS.csproj", "{3AB1BFF4-6A8A-4352-AD9F-547C89EE80D1}"
EndProject
Project("{FAE04EC0-301F-11D3-BF4B-00C04F79EFBC}") = "Makedox2019", "Makedox2019\Makedox2019\Makedox2019.csproj", "{241405B9-9C34-465A-BB9D-F1E0C2F70770}"
EndProject
Global
	GlobalSection(SolutionConfigurationPlatforms) = preSolution
		Ad-Hoc|Any CPU = Ad-Hoc|Any CPU
		Ad-Hoc|iPhone = Ad-Hoc|iPhone
		Ad-Hoc|iPhoneSimulator = Ad-Hoc|iPhoneSimulator
		AppStore|Any CPU = AppStore|Any CPU
		AppStore|iPhone = AppStore|iPhone
		AppStore|iPhoneSimulator = AppStore|iPhoneSimulator
		Debug|Any CPU = Debug|Any CPU
		Debug|iPhone = Debug|iPhone
		Debug|iPhoneSimulator = Debug|iPhoneSimulator
		Release|Any CPU = Release|Any CPU
		Release|iPhone = Release|iPhone
		Release|iPhoneSimulator = Release|iPhoneSimulator
	EndGlobalSection
	GlobalSection(ProjectConfigurationPlatforms) = postSolution
		{4189895E-D3F7-443B-A8FC-10751FB46485}.Ad-Hoc|Any CPU.ActiveCfg = Release|Any CPU
		{4189895E-D3F7-443B-A8FC-10751FB46485}.Ad-Hoc|Any CPU.Build.0 = Release|Any CPU
		{4189895E-D3F7-443B-A8FC-10751FB46485}.Ad-Hoc|Any CPU.Deploy.0 = Release|Any CPU
		{4189895E-D3F7-443B-A8FC-10751FB46485}.Ad-Hoc|iPhone.ActiveCfg = Release|Any CPU
		{4189895E-D3F7-443B-A8FC-10751FB46485}.Ad-Hoc|iPhone.Build.0 = Release|Any CPU
		{4189895E-D3F7-443B-A8FC-10751FB46485}.Ad-Hoc|iPhone.Deploy.0 = Release|Any CPU
		{4189895E-D3F7-443B-A8FC-10751FB46485}.Ad-Hoc|iPhoneSimulator.ActiveCfg = Release|Any CPU
		{4189895E-D3F7-443B-A8FC-10751FB46485}.Ad-Hoc|iPhoneSimulator.Build.0 = Release|Any CPU
		{4189895E-D3F7-443B-A8FC-10751FB46485}.Ad-Hoc|iPhoneSimulator.Deploy.0 = Release|Any CPU
		{4189895E-D3F7-443B-A8FC-10751FB46485}.AppStore|Any CPU.ActiveCfg = Release|Any CPU
		{4189895E-D3F7-443B-A8FC-10751FB46485}.AppStore|Any CPU.Build.0 = Release|Any CPU
		{4189895E-D3F7-443B-A8FC-10751FB46485}.AppStore|Any CPU.Deploy.0 = Release|Any CPU
		{4189895E-D3F7-443B-A8FC-10751FB46485}.AppStore|iPhone.ActiveCfg = Release|Any CPU
		{4189895E-D3F7-443B-A8FC-10751FB46485}.AppStore|iPhone.Build.0 = Release|Any CPU
		{4189895E-D3F7-443B-A8FC-10751FB46485}.AppStore|iPhone.Deploy.0 = Release|Any CPU
		{4189895E-D3F7-443B-A8FC-10751FB46485}.AppStore|iPhoneSimulator.ActiveCfg = Release|Any CPU
		{4189895E-D3F7-443B-A8FC-10751FB46485}.AppStore|iPhoneSimulator.Build.0 = Release|Any CPU
		{4189895E-D3F7-443B-A8FC-10751FB46485}.AppStore|iPhoneSimulator.Deploy.0 = Release|Any CPU
		{4189895E-D3F7-443B-A8FC-10751FB46485}.Debug|Any CPU.ActiveCfg = Debug|Any CPU
		{4189895E-D3F7-443B-A8FC-10751FB46485}.Debug|Any CPU.Build.0 = Debug|Any CPU
		{4189895E-D3F7-443B-A8FC-10751FB46485}.Debug|Any CPU.Deploy.0 = Debug|Any CPU
		{4189895E-D3F7-443B-A8FC-10751FB46485}.Debug|iPhone.ActiveCfg = Debug|Any CPU
		{4189895E-D3F7-443B-A8FC-10751FB46485}.Debug|iPhone.Build.0 = Debug|Any CPU
		{4189895E-D3F7-443B-A8FC-10751FB46485}.Debug|iPhone.Deploy.0 = Debug|Any CPU
		{4189895E-D3F7-443B-A8FC-10751FB46485}.Debug|iPhoneSimulator.ActiveCfg = Debug|Any CPU
		{4189895E-D3F7-443B-A8FC-10751FB46485}.Debug|iPhoneSimulator.Build.0 = Debug|Any CPU
		{4189895E-D3F7-443B-A8FC-10751FB46485}.Debug|iPhoneSimulator.Deploy.0 = Debug|Any CPU
		{4189895E-D3F7-443B-A8FC-10751FB46485}.Release|Any CPU.ActiveCfg = Release|Any CPU
		{4189895E-D3F7-443B-A8FC-10751FB46485}.Release|Any CPU.Build.0 = Release|Any CPU
		{4189895E-D3F7-443B-A8FC-10751FB46485}.Release|Any CPU.Deploy.0 = Release|Any CPU
		{4189895E-D3F7-443B-A8FC-10751FB46485}.Release|iPhone.ActiveCfg = Release|Any CPU
		{4189895E-D3F7-443B-A8FC-10751FB46485}.Release|iPhone.Build.0 = Release|Any CPU
		{4189895E-D3F7-443B-A8FC-10751FB46485}.Release|iPhone.Deploy.0 = Release|Any CPU
		{4189895E-D3F7-443B-A8FC-10751FB46485}.Release|iPhoneSimulator.ActiveCfg = Release|Any CPU
		{4189895E-D3F7-443B-A8FC-10751FB46485}.Release|iPhoneSimulator.Build.0 = Release|Any CPU
		{4189895E-D3F7-443B-A8FC-10751FB46485}.Release|iPhoneSimulator.Deploy.0 = Release|Any CPU
		{3AB1BFF4-6A8A-4352-AD9F-547C89EE80D1}.Ad-Hoc|Any CPU.ActiveCfg = Ad-Hoc|iPhone
		{3AB1BFF4-6A8A-4352-AD9F-547C89EE80D1}.Ad-Hoc|Any CPU.Build.0 = Ad-Hoc|iPhone
		{3AB1BFF4-6A8A-4352-AD9F-547C89EE80D1}.Ad-Hoc|Any CPU.Deploy.0 = Ad-Hoc|iPhone
		{3AB1BFF4-6A8A-4352-AD9F-547C89EE80D1}.Ad-Hoc|iPhone.ActiveCfg = Ad-Hoc|iPhone
		{3AB1BFF4-6A8A-4352-AD9F-547C89EE80D1}.Ad-Hoc|iPhone.Build.0 = Ad-Hoc|iPhone
		{3AB1BFF4-6A8A-4352-AD9F-547C89EE80D1}.Ad-Hoc|iPhone.Deploy.0 = Ad-Hoc|iPhone
		{3AB1BFF4-6A8A-4352-AD9F-547C89EE80D1}.Ad-Hoc|iPhoneSimulator.ActiveCfg = Ad-Hoc|iPhoneSimulator
		{3AB1BFF4-6A8A-4352-AD9F-547C89EE80D1}.Ad-Hoc|iPhoneSimulator.Build.0 = Ad-Hoc|iPhoneSimulator
		{3AB1BFF4-6A8A-4352-AD9F-547C89EE80D1}.Ad-Hoc|iPhoneSimulator.Deploy.0 = Ad-Hoc|iPhoneSimulator
		{3AB1BFF4-6A8A-4352-AD9F-547C89EE80D1}.AppStore|Any CPU.ActiveCfg = AppStore|iPhone
		{3AB1BFF4-6A8A-4352-AD9F-547C89EE80D1}.AppStore|Any CPU.Build.0 = AppStore|iPhone
		{3AB1BFF4-6A8A-4352-AD9F-547C89EE80D1}.AppStore|Any CPU.Deploy.0 = AppStore|iPhone
		{3AB1BFF4-6A8A-4352-AD9F-547C89EE80D1}.AppStore|iPhone.ActiveCfg = AppStore|iPhone
		{3AB1BFF4-6A8A-4352-AD9F-547C89EE80D1}.AppStore|iPhone.Build.0 = AppStore|iPhone
		{3AB1BFF4-6A8A-4352-AD9F-547C89EE80D1}.AppStore|iPhone.Deploy.0 = AppStore|iPhone
		{3AB1BFF4-6A8A-4352-AD9F-547C89EE80D1}.AppStore|iPhoneSimulator.ActiveCfg = AppStore|iPhoneSimulator
		{3AB1BFF4-6A8A-4352-AD9F-547C89EE80D1}.AppStore|iPhoneSimulator.Build.0 = AppStore|iPhoneSimulator
		{3AB1BFF4-6A8A-4352-AD9F-547C89EE80D1}.AppStore|iPhoneSimulator.Deploy.0 = AppStore|iPhoneSimulator
		{3AB1BFF4-6A8A-4352-AD9F-547C89EE80D1}.Debug|Any CPU.ActiveCfg = Debug|iPhoneSimulator
		{3AB1BFF4-6A8A-4352-AD9F-547C89EE80D1}.Debug|Any CPU.Build.0 = Debug|iPhoneSimulator
		{3AB1BFF4-6A8A-4352-AD9F-547C89EE80D1}.Debug|Any CPU.Deploy.0 = Debug|iPhoneSimulator
		{3AB1BFF4-6A8A-4352-AD9F-547C89EE80D1}.Debug|iPhone.ActiveCfg = Debug|iPhone
		{3AB1BFF4-6A8A-4352-AD9F-547C89EE80D1}.Debug|iPhone.Build.0 = Debug|iPhone
		{3AB1BFF4-6A8A-4352-AD9F-547C89EE80D1}.Debug|iPhone.Deploy.0 = Debug|iPhone
		{3AB1BFF4-6A8A-4352-AD9F-547C89EE80D1}.Debug|iPhoneSimulator.ActiveCfg = Debug|iPhoneSimulator
		{3AB1BFF4-6A8A-4352-AD9F-547C89EE80D1}.Debug|iPhoneSimulator.Build.0 = Debug|iPhoneSimulator
		{3AB1BFF4-6A8A-4352-AD9F-547C89EE80D1}.Debug|iPhoneSimulator.Deploy.0 = Debug|iPhoneSimulator
		{3AB1BFF4-6A8A-4352-AD9F-547C89EE80D1}.Release|Any CPU.ActiveCfg = Release|iPhone
		{3AB1BFF4-6A8A-4352-AD9F-547C89EE80D1}.Release|Any CPU.Build.0 = Release|iPhone
		{3AB1BFF4-6A8A-4352-AD9F-547C89EE80D1}.Release|Any CPU.Deploy.0 = Release|iPhone
		{3AB1BFF4-6A8A-4352-AD9F-547C89EE80D1}.Release|iPhone.ActiveCfg = Release|iPhone
		{3AB1BFF4-6A8A-4352-AD9F-547C89EE80D1}.Release|iPhone.Build.0 = Release|iPhone
		{3AB1BFF4-6A8A-4352-AD9F-547C89EE80D1}.Release|iPhone.Deploy.0 = Release|iPhone
		{3AB1BFF4-6A8A-4352-AD9F-547C89EE80D1}.Release|iPhoneSimulator.ActiveCfg = Release|iPhoneSimulator
		{3AB1BFF4-6A8A-4352-AD9F-547C89EE80D1}.Release|iPhoneSimulator.Build.0 = Release|iPhoneSimulator
		{3AB1BFF4-6A8A-4352-AD9F-547C89EE80D1}.Release|iPhoneSimulator.Deploy.0 = Release|iPhoneSimulator
		{241405B9-9C34-465A-BB9D-F1E0C2F70770}.Ad-Hoc|Any CPU.ActiveCfg = Debug|Any CPU
		{241405B9-9C34-465A-BB9D-F1E0C2F70770}.Ad-Hoc|Any CPU.Build.0 = Debug|Any CPU
		{241405B9-9C34-465A-BB9D-F1E0C2F70770}.Ad-Hoc|Any CPU.Deploy.0 = Debug|Any CPU
		{241405B9-9C34-465A-BB9D-F1E0C2F70770}.Ad-Hoc|iPhone.ActiveCfg = Debug|Any CPU
		{241405B9-9C34-465A-BB9D-F1E0C2F70770}.Ad-Hoc|iPhone.Build.0 = Debug|Any CPU
		{241405B9-9C34-465A-BB9D-F1E0C2F70770}.Ad-Hoc|iPhone.Deploy.0 = Debug|Any CPU
		{241405B9-9C34-465A-BB9D-F1E0C2F70770}.Ad-Hoc|iPhoneSimulator.ActiveCfg = Debug|Any CPU
		{241405B9-9C34-465A-BB9D-F1E0C2F70770}.Ad-Hoc|iPhoneSimulator.Build.0 = Debug|Any CPU
		{241405B9-9C34-465A-BB9D-F1E0C2F70770}.Ad-Hoc|iPhoneSimulator.Deploy.0 = Debug|Any CPU
		{241405B9-9C34-465A-BB9D-F1E0C2F70770}.AppStore|Any CPU.ActiveCfg = Debug|Any CPU
		{241405B9-9C34-465A-BB9D-F1E0C2F70770}.AppStore|Any CPU.Build.0 = Debug|Any CPU
		{241405B9-9C34-465A-BB9D-F1E0C2F70770}.AppStore|Any CPU.Deploy.0 = Debug|Any CPU
		{241405B9-9C34-465A-BB9D-F1E0C2F70770}.AppStore|iPhone.ActiveCfg = Debug|Any CPU
		{241405B9-9C34-465A-BB9D-F1E0C2F70770}.AppStore|iPhone.Build.0 = Debug|Any CPU
		{241405B9-9C34-465A-BB9D-F1E0C2F70770}.AppStore|iPhone.Deploy.0 = Debug|Any CPU
		{241405B9-9C34-465A-BB9D-F1E0C2F70770}.AppStore|iPhoneSimulator.ActiveCfg = Debug|Any CPU
		{241405B9-9C34-465A-BB9D-F1E0C2F70770}.AppStore|iPhoneSimulator.Build.0 = Debug|Any CPU
		{241405B9-9C34-465A-BB9D-F1E0C2F70770}.AppStore|iPhoneSimulator.Deploy.0 = Debug|Any CPU
		{241405B9-9C34-465A-BB9D-F1E0C2F70770}.Debug|Any CPU.ActiveCfg = Debug|Any CPU
		{241405B9-9C34-465A-BB9D-F1E0C2F70770}.Debug|Any CPU.Build.0 = Debug|Any CPU
		{241405B9-9C34-465A-BB9D-F1E0C2F70770}.Debug|Any CPU.Deploy.0 = Debug|Any CPU
		{241405B9-9C34-465A-BB9D-F1E0C2F70770}.Debug|iPhone.ActiveCfg = Debug|Any CPU
		{241405B9-9C34-465A-BB9D-F1E0C2F70770}.Debug|iPhone.Build.0 = Debug|Any CPU
		{241405B9-9C34-465A-BB9D-F1E0C2F70770}.Debug|iPhone.Deploy.0 = Debug|Any CPU
		{241405B9-9C34-465A-BB9D-F1E0C2F70770}.Debug|iPhoneSimulator.ActiveCfg = Debug|Any CPU
		{241405B9-9C34-465A-BB9D-F1E0C2F70770}.Debug|iPhoneSimulator.Build.0 = Debug|Any CPU
		{241405B9-9C34-465A-BB9D-F1E0C2F70770}.Debug|iPhoneSimulator.Deploy.0 = Debug|Any CPU
		{241405B9-9C34-465A-BB9D-F1E0C2F70770}.Release|Any CPU.ActiveCfg = Release|Any CPU
		{241405B9-9C34-465A-BB9D-F1E0C2F70770}.Release|Any CPU.Build.0 = Release|Any CPU
		{241405B9-9C34-465A-BB9D-F1E0C2F70770}.Release|Any CPU.Deploy.0 = Release|Any CPU
		{241405B9-9C34-465A-BB9D-F1E0C2F70770}.Release|iPhone.ActiveCfg = Release|Any CPU
		{241405B9-9C34-465A-BB9D-F1E0C2F70770}.Release|iPhone.Build.0 = Release|Any CPU
		{241405B9-9C34-465A-BB9D-F1E0C2F70770}.Release|iPhone.Deploy.0 = Release|Any CPU
		{241405B9-9C34-465A-BB9D-F1E0C2F70770}.Release|iPhoneSimulator.ActiveCfg = Release|Any CPU
		{241405B9-9C34-465A-BB9D-F1E0C2F70770}.Release|iPhoneSimulator.Build.0 = Release|Any CPU
		{241405B9-9C34-465A-BB9D-F1E0C2F70770}.Release|iPhoneSimulator.Deploy.0 = Release|Any CPU
	EndGlobalSection
	GlobalSection(SolutionProperties) = preSolution
		HideSolutionNode = FALSE
	EndGlobalSection
	GlobalSection(ExtensibilityGlobals) = postSolution
		SolutionGuid = {BFBBA5C0-869B-4DEC-9FA8-06363ED0C88C}
	EndGlobalSection
EndGlobal
